
Microsoft Visual Studio Solution File, Format Version 12.00
# Visual Studio 15
VisualStudioVersion = 15.0.28010.2048
MinimumVisualStudioVersion = 10.0.40219.1
Project("{FAE04EC0-301F-11D3-BF4B-00C04F79EFBC}") = "ConsoleApp1", "ConsoleApp1\ConsoleApp1.csproj", "{655DBC85-A7AA-4F7F-8325-BE814E5619C3}"
EndProject
Global
	GlobalSection(SolutionConfigurationPlatforms) = preSolution
		Debug|Any CPU = Debug|Any CPU
		Release|Any CPU = Release|Any CPU
	EndGlobalSection
	GlobalSection(ProjectConfigurationPlatforms) = postSolution
		{655DBC85-A7AA-4F7F-8325-BE814E5619C3}.Debug|Any CPU.ActiveCfg = Debug|Any CPU
		{655DBC85-A7AA-4F7F-8325-BE814E5619C3}.Debug|Any CPU.Build.0 = Debug|Any CPU
		{655DBC85-A7AA-4F7F-8325-BE814E5619C3}.Release|Any CPU.ActiveCfg = Release|Any CPU
		{655DBC85-A7AA-4F7F-8325-BE814E5619C3}.Release|Any CPU.Build.0 = Release|Any CPU
	EndGlobalSection
	GlobalSection(SolutionProperties) = preSolution
		HideSolutionNode = FALSE
	EndGlobalSection
	GlobalSection(ExtensibilityGlobals) = postSolution
		SolutionGuid = {41C36A47-0D52-4D92-91AC-A5F78A12D7EF}
	EndGlobalSection
EndGlobal
